// !$*UTF8*$!
{
	archiveVersion = 1;
	classes = {
	};
	objectVersion = 56;
	objects = {

/* Begin PBXBuildFile section */
		7E82D3282ACD00AB000E4284 /* LocationManager.swift in Sources */ = {isa = PBXBuildFile; fileRef = 7E82D3272ACD00AB000E4284 /* LocationManager.swift */; };
		7E82D32A2ACD2DCB000E4284 /* Place.swift in Sources */ = {isa = PBXBuildFile; fileRef = 7E82D3292ACD2DCB000E4284 /* Place.swift */; };
		7E9CDA752ACA551C0095BB5C /* FriendModel.xcdatamodeld in Sources */ = {isa = PBXBuildFile; fileRef = 7E9CDA732ACA551C0095BB5C /* FriendModel.xcdatamodeld */; };
		7E9CDA772ACA5CEB0095BB5C /* UlImageTransformer.swift in Sources */ = {isa = PBXBuildFile; fileRef = 7E9CDA762ACA5CEB0095BB5C /* UlImageTransformer.swift */; };
		7E9CDA7A2ACA5F320095BB5C /* Friend+CoreDataClass.swift in Sources */ = {isa = PBXBuildFile; fileRef = 7E9CDA782ACA5F320095BB5C /* Friend+CoreDataClass.swift */; };
		7E9CDA7B2ACA5F320095BB5C /* Friend+CoreDataProperties.swift in Sources */ = {isa = PBXBuildFile; fileRef = 7E9CDA792ACA5F320095BB5C /* Friend+CoreDataProperties.swift */; };
		7EC8BB652AC663770043C026 /* FriendListApp.swift in Sources */ = {isa = PBXBuildFile; fileRef = 7EC8BB642AC663770043C026 /* FriendListApp.swift */; };
		7EC8BB692AC663790043C026 /* Assets.xcassets in Resources */ = {isa = PBXBuildFile; fileRef = 7EC8BB682AC663790043C026 /* Assets.xcassets */; };
		7EC8BB6C2AC663790043C026 /* Preview Assets.xcassets in Resources */ = {isa = PBXBuildFile; fileRef = 7EC8BB6B2AC663790043C026 /* Preview Assets.xcassets */; };
		7EC8BB792AC674F30043C026 /* FriendListView.swift in Sources */ = {isa = PBXBuildFile; fileRef = 7EC8BB782AC674F30043C026 /* FriendListView.swift */; };
		7EC8BB7B2AC675000043C026 /* FriendDetailsView.swift in Sources */ = {isa = PBXBuildFile; fileRef = 7EC8BB7A2AC675000043C026 /* FriendDetailsView.swift */; };
		7EC8BB7D2AC6750A0043C026 /* NewFriendView.swift in Sources */ = {isa = PBXBuildFile; fileRef = 7EC8BB7C2AC6750A0043C026 /* NewFriendView.swift */; };
		7EC8BB7F2AC6751B0043C026 /* FriendListViewModel.swift in Sources */ = {isa = PBXBuildFile; fileRef = 7EC8BB7E2AC6751B0043C026 /* FriendListViewModel.swift */; };
		7EC8BB812AC675280043C026 /* FriendDetailsViewModel.swift in Sources */ = {isa = PBXBuildFile; fileRef = 7EC8BB802AC675280043C026 /* FriendDetailsViewModel.swift */; };
		7EC8BB832AC6753D0043C026 /* NewFriendViewModel.swift in Sources */ = {isa = PBXBuildFile; fileRef = 7EC8BB822AC6753D0043C026 /* NewFriendViewModel.swift */; };
		7EC8BB852AC67A190043C026 /* FriendManager.swift in Sources */ = {isa = PBXBuildFile; fileRef = 7EC8BB842AC67A190043C026 /* FriendManager.swift */; };
		7EC8BB8F2AC695400043C026 /* ImagePicker.swift in Sources */ = {isa = PBXBuildFile; fileRef = 7EC8BB8E2AC695400043C026 /* ImagePicker.swift */; };
		7EC8BB912AC695D40043C026 /* ImagePickerExtension.swift in Sources */ = {isa = PBXBuildFile; fileRef = 7EC8BB902AC695D40043C026 /* ImagePickerExtension.swift */; };
		7EDEB1EF2ACB86A50075D0D9 /* DetailView.swift in Sources */ = {isa = PBXBuildFile; fileRef = 7EDEB1EE2ACB86A50075D0D9 /* DetailView.swift */; };
		7EDEB1F12ACB887C0075D0D9 /* AuthenticationManager.swift in Sources */ = {isa = PBXBuildFile; fileRef = 7EDEB1F02ACB887C0075D0D9 /* AuthenticationManager.swift */; };
		7EFE16CA2ACB93C900EFEE40 /* LoginView.swift in Sources */ = {isa = PBXBuildFile; fileRef = 7EFE16C92ACB93C900EFEE40 /* LoginView.swift */; };
/* End PBXBuildFile section */

/* Begin PBXFileReference section */
		7E82D3272ACD00AB000E4284 /* LocationManager.swift */ = {isa = PBXFileReference; lastKnownFileType = sourcecode.swift; path = LocationManager.swift; sourceTree = "<group>"; };
		7E82D3292ACD2DCB000E4284 /* Place.swift */ = {isa = PBXFileReference; lastKnownFileType = sourcecode.swift; path = Place.swift; sourceTree = "<group>"; };
		7E9CDA742ACA551C0095BB5C /* FriendModel.xcdatamodel */ = {isa = PBXFileReference; lastKnownFileType = wrapper.xcdatamodel; path = FriendModel.xcdatamodel; sourceTree = "<group>"; };
		7E9CDA762ACA5CEB0095BB5C /* UlImageTransformer.swift */ = {isa = PBXFileReference; lastKnownFileType = sourcecode.swift; path = UlImageTransformer.swift; sourceTree = "<group>"; };
		7E9CDA782ACA5F320095BB5C /* Friend+CoreDataClass.swift */ = {isa = PBXFileReference; lastKnownFileType = sourcecode.swift; path = "Friend+CoreDataClass.swift"; sourceTree = SOURCE_ROOT; };
		7E9CDA792ACA5F320095BB5C /* Friend+CoreDataProperties.swift */ = {isa = PBXFileReference; lastKnownFileType = sourcecode.swift; path = "Friend+CoreDataProperties.swift"; sourceTree = SOURCE_ROOT; };
		7EC8BB612AC663770043C026 /* FriendList.app */ = {isa = PBXFileReference; explicitFileType = wrapper.application; includeInIndex = 0; path = FriendList.app; sourceTree = BUILT_PRODUCTS_DIR; };
		7EC8BB642AC663770043C026 /* FriendListApp.swift */ = {isa = PBXFileReference; lastKnownFileType = sourcecode.swift; path = FriendListApp.swift; sourceTree = "<group>"; };
		7EC8BB682AC663790043C026 /* Assets.xcassets */ = {isa = PBXFileReference; lastKnownFileType = folder.assetcatalog; path = Assets.xcassets; sourceTree = "<group>"; };
		7EC8BB6B2AC663790043C026 /* Preview Assets.xcassets */ = {isa = PBXFileReference; lastKnownFileType = folder.assetcatalog; path = "Preview Assets.xcassets"; sourceTree = "<group>"; };
		7EC8BB782AC674F30043C026 /* FriendListView.swift */ = {isa = PBXFileReference; lastKnownFileType = sourcecode.swift; path = FriendListView.swift; sourceTree = "<group>"; };
		7EC8BB7A2AC675000043C026 /* FriendDetailsView.swift */ = {isa = PBXFileReference; lastKnownFileType = sourcecode.swift; path = FriendDetailsView.swift; sourceTree = "<group>"; };
		7EC8BB7C2AC6750A0043C026 /* NewFriendView.swift */ = {isa = PBXFileReference; lastKnownFileType = sourcecode.swift; path = NewFriendView.swift; sourceTree = "<group>"; };
		7EC8BB7E2AC6751B0043C026 /* FriendListViewModel.swift */ = {isa = PBXFileReference; lastKnownFileType = sourcecode.swift; path = FriendListViewModel.swift; sourceTree = "<group>"; };
		7EC8BB802AC675280043C026 /* FriendDetailsViewModel.swift */ = {isa = PBXFileReference; lastKnownFileType = sourcecode.swift; path = FriendDetailsViewModel.swift; sourceTree = "<group>"; };
		7EC8BB822AC6753D0043C026 /* NewFriendViewModel.swift */ = {isa = PBXFileReference; lastKnownFileType = sourcecode.swift; path = NewFriendViewModel.swift; sourceTree = "<group>"; };
		7EC8BB842AC67A190043C026 /* FriendManager.swift */ = {isa = PBXFileReference; lastKnownFileType = sourcecode.swift; path = FriendManager.swift; sourceTree = "<group>"; };
		7EC8BB8E2AC695400043C026 /* ImagePicker.swift */ = {isa = PBXFileReference; lastKnownFileType = sourcecode.swift; path = ImagePicker.swift; sourceTree = "<group>"; };
		7EC8BB902AC695D40043C026 /* ImagePickerExtension.swift */ = {isa = PBXFileReference; lastKnownFileType = sourcecode.swift; path = ImagePickerExtension.swift; sourceTree = "<group>"; };
		7EDEB1EE2ACB86A50075D0D9 /* DetailView.swift */ = {isa = PBXFileReference; lastKnownFileType = sourcecode.swift; path = DetailView.swift; sourceTree = "<group>"; };
		7EDEB1F02ACB887C0075D0D9 /* AuthenticationManager.swift */ = {isa = PBXFileReference; lastKnownFileType = sourcecode.swift; path = AuthenticationManager.swift; sourceTree = "<group>"; };
		7EFE16C92ACB93C900EFEE40 /* LoginView.swift */ = {isa = PBXFileReference; lastKnownFileType = sourcecode.swift; path = LoginView.swift; sourceTree = "<group>"; };
/* End PBXFileReference section */

/* Begin PBXFrameworksBuildPhase section */
		7EC8BB5E2AC663770043C026 /* Frameworks */ = {
			isa = PBXFrameworksBuildPhase;
			buildActionMask = 2147483647;
			files = (
			);
			runOnlyForDeploymentPostprocessing = 0;
		};
/* End PBXFrameworksBuildPhase section */

/* Begin PBXGroup section */
		7E9CDA7C2ACA6E750095BB5C /* Others */ = {
			isa = PBXGroup;
			children = (
				7E9CDA762ACA5CEB0095BB5C /* UlImageTransformer.swift */,
			);
			path = Others;
			sourceTree = "<group>";
		};
		7EC8BB582AC663760043C026 = {
			isa = PBXGroup;
			children = (
				7EC8BB632AC663770043C026 /* FriendList */,
				7EC8BB752AC674B50043C026 /* Model */,
				7EC8BB742AC674AE0043C026 /* View */,
				7EC8BB732AC674A70043C026 /* View-Model */,
				7EC8BB722AC6749F0043C026 /* Manager */,
				7EC8BB862AC687470043C026 /* Extensions */,
				7EC8BB872AC6877D0043C026 /* UI Components */,
				7E9CDA7C2ACA6E750095BB5C /* Others */,
				7EC8BB622AC663770043C026 /* Products */,
			);
			sourceTree = "<group>";
		};
		7EC8BB622AC663770043C026 /* Products */ = {
			isa = PBXGroup;
			children = (
				7EC8BB612AC663770043C026 /* FriendList.app */,
			);
			name = Products;
			sourceTree = "<group>";
		};
		7EC8BB632AC663770043C026 /* FriendList */ = {
			isa = PBXGroup;
			children = (
				7EC8BB642AC663770043C026 /* FriendListApp.swift */,
				7EC8BB682AC663790043C026 /* Assets.xcassets */,
				7EC8BB6A2AC663790043C026 /* Preview Content */,
			);
			path = FriendList;
			sourceTree = "<group>";
		};
		7EC8BB6A2AC663790043C026 /* Preview Content */ = {
			isa = PBXGroup;
			children = (
				7EC8BB6B2AC663790043C026 /* Preview Assets.xcassets */,
			);
			path = "Preview Content";
			sourceTree = "<group>";
		};
		7EC8BB722AC6749F0043C026 /* Manager */ = {
			isa = PBXGroup;
			children = (
				7EC8BB842AC67A190043C026 /* FriendManager.swift */,
				7EDEB1F02ACB887C0075D0D9 /* AuthenticationManager.swift */,
				7E82D3272ACD00AB000E4284 /* LocationManager.swift */,
			);
			path = Manager;
			sourceTree = "<group>";
		};
		7EC8BB732AC674A70043C026 /* View-Model */ = {
			isa = PBXGroup;
			children = (
				7EC8BB7E2AC6751B0043C026 /* FriendListViewModel.swift */,
				7EC8BB802AC675280043C026 /* FriendDetailsViewModel.swift */,
				7EC8BB822AC6753D0043C026 /* NewFriendViewModel.swift */,
			);
			path = "View-Model";
			sourceTree = "<group>";
		};
		7EC8BB742AC674AE0043C026 /* View */ = {
			isa = PBXGroup;
			children = (
				7EFE16C92ACB93C900EFEE40 /* LoginView.swift */,
				7EC8BB782AC674F30043C026 /* FriendListView.swift */,
				7EC8BB7A2AC675000043C026 /* FriendDetailsView.swift */,
				7EC8BB7C2AC6750A0043C026 /* NewFriendView.swift */,
			);
			path = View;
			sourceTree = "<group>";
		};
		7EC8BB752AC674B50043C026 /* Model */ = {
			isa = PBXGroup;
			children = (
				7E9CDA782ACA5F320095BB5C /* Friend+CoreDataClass.swift */,
				7E9CDA792ACA5F320095BB5C /* Friend+CoreDataProperties.swift */,
				7E9CDA732ACA551C0095BB5C /* FriendModel.xcdatamodeld */,
				7E82D3292ACD2DCB000E4284 /* Place.swift */,
			);
			path = Model;
			sourceTree = "<group>";
		};
		7EC8BB862AC687470043C026 /* Extensions */ = {
			isa = PBXGroup;
			children = (
				7EC8BB902AC695D40043C026 /* ImagePickerExtension.swift */,
			);
			path = Extensions;
			sourceTree = "<group>";
		};
		7EC8BB872AC6877D0043C026 /* UI Components */ = {
			isa = PBXGroup;
			children = (
				7EC8BB8E2AC695400043C026 /* ImagePicker.swift */,
				7EDEB1EE2ACB86A50075D0D9 /* DetailView.swift */,
			);
			path = "UI Components";
			sourceTree = "<group>";
		};
/* End PBXGroup section */

/* Begin PBXNativeTarget section */
		7EC8BB602AC663770043C026 /* FriendList */ = {
			isa = PBXNativeTarget;
			buildConfigurationList = 7EC8BB6F2AC663790043C026 /* Build configuration list for PBXNativeTarget "FriendList" */;
			buildPhases = (
				7EC8BB5D2AC663770043C026 /* Sources */,
				7EC8BB5E2AC663770043C026 /* Frameworks */,
				7EC8BB5F2AC663770043C026 /* Resources */,
			);
			buildRules = (
			);
			dependencies = (
			);
			name = FriendList;
			productName = FriendList;
			productReference = 7EC8BB612AC663770043C026 /* FriendList.app */;
			productType = "com.apple.product-type.application";
		};
/* End PBXNativeTarget section */

/* Begin PBXProject section */
		7EC8BB592AC663760043C026 /* Project object */ = {
			isa = PBXProject;
			attributes = {
				BuildIndependentTargetsInParallel = 1;
				LastSwiftUpdateCheck = 1500;
				LastUpgradeCheck = 1500;
				TargetAttributes = {
					7EC8BB602AC663770043C026 = {
						CreatedOnToolsVersion = 15.0;
					};
				};
			};
			buildConfigurationList = 7EC8BB5C2AC663770043C026 /* Build configuration list for PBXProject "FriendList" */;
			compatibilityVersion = "Xcode 14.0";
			developmentRegion = en;
			hasScannedForEncodings = 0;
			knownRegions = (
				en,
				Base,
			);
			mainGroup = 7EC8BB582AC663760043C026;
			productRefGroup = 7EC8BB622AC663770043C026 /* Products */;
			projectDirPath = "";
			projectRoot = "";
			targets = (
				7EC8BB602AC663770043C026 /* FriendList */,
			);
		};
/* End PBXProject section */

/* Begin PBXResourcesBuildPhase section */
		7EC8BB5F2AC663770043C026 /* Resources */ = {
			isa = PBXResourcesBuildPhase;
			buildActionMask = 2147483647;
			files = (
				7EC8BB6C2AC663790043C026 /* Preview Assets.xcassets in Resources */,
				7EC8BB692AC663790043C026 /* Assets.xcassets in Resources */,
			);
			runOnlyForDeploymentPostprocessing = 0;
		};
/* End PBXResourcesBuildPhase section */

/* Begin PBXSourcesBuildPhase section */
		7EC8BB5D2AC663770043C026 /* Sources */ = {
			isa = PBXSourcesBuildPhase;
			buildActionMask = 2147483647;
			files = (
				7EC8BB8F2AC695400043C026 /* ImagePicker.swift in Sources */,
				7E82D32A2ACD2DCB000E4284 /* Place.swift in Sources */,
				7EDEB1EF2ACB86A50075D0D9 /* DetailView.swift in Sources */,
				7E9CDA7A2ACA5F320095BB5C /* Friend+CoreDataClass.swift in Sources */,
				7EDEB1F12ACB887C0075D0D9 /* AuthenticationManager.swift in Sources */,
				7EC8BB832AC6753D0043C026 /* NewFriendViewModel.swift in Sources */,
				7E9CDA752ACA551C0095BB5C /* FriendModel.xcdatamodeld in Sources */,
				7EC8BB812AC675280043C026 /* FriendDetailsViewModel.swift in Sources */,
				7E9CDA7B2ACA5F320095BB5C /* Friend+CoreDataProperties.swift in Sources */,
				7E82D3282ACD00AB000E4284 /* LocationManager.swift in Sources */,
				7EC8BB7D2AC6750A0043C026 /* NewFriendView.swift in Sources */,
				7EC8BB912AC695D40043C026 /* ImagePickerExtension.swift in Sources */,
				7EC8BB852AC67A190043C026 /* FriendManager.swift in Sources */,
				7E9CDA772ACA5CEB0095BB5C /* UlImageTransformer.swift in Sources */,
				7EC8BB7F2AC6751B0043C026 /* FriendListViewModel.swift in Sources */,
				7EC8BB792AC674F30043C026 /* FriendListView.swift in Sources */,
				7EC8BB652AC663770043C026 /* FriendListApp.swift in Sources */,
				7EFE16CA2ACB93C900EFEE40 /* LoginView.swift in Sources */,
				7EC8BB7B2AC675000043C026 /* FriendDetailsView.swift in Sources */,
			);
			runOnlyForDeploymentPostprocessing = 0;
		};
/* End PBXSourcesBuildPhase section */

/* Begin XCBuildConfiguration section */
		7EC8BB6D2AC663790043C026 /* Debug */ = {
			isa = XCBuildConfiguration;
			buildSettings = {
				ALWAYS_SEARCH_USER_PATHS = NO;
				ASSETCATALOG_COMPILER_GENERATE_SWIFT_ASSET_SYMBOL_EXTENSIONS = YES;
				CLANG_ANALYZER_NONNULL = YES;
				CLANG_ANALYZER_NUMBER_OBJECT_CONVERSION = YES_AGGRESSIVE;
				CLANG_CXX_LANGUAGE_STANDARD = "gnu++20";
				CLANG_ENABLE_MODULES = YES;
				CLANG_ENABLE_OBJC_ARC = YES;
				CLANG_ENABLE_OBJC_WEAK = YES;
				CLANG_WARN_BLOCK_CAPTURE_AUTORELEASING = YES;
				CLANG_WARN_BOOL_CONVERSION = YES;
				CLANG_WARN_COMMA = YES;
				CLANG_WARN_CONSTANT_CONVERSION = YES;
				CLANG_WARN_DEPRECATED_OBJC_IMPLEMENTATIONS = YES;
				CLANG_WARN_DIRECT_OBJC_ISA_USAGE = YES_ERROR;
				CLANG_WARN_DOCUMENTATION_COMMENTS = YES;
				CLANG_WARN_EMPTY_BODY = YES;
				CLANG_WARN_ENUM_CONVERSION = YES;
				CLANG_WARN_INFINITE_RECURSION = YES;
				CLANG_WARN_INT_CONVERSION = YES;
				CLANG_WARN_NON_LITERAL_NULL_CONVERSION = YES;
				CLANG_WARN_OBJC_IMPLICIT_RETAIN_SELF = YES;
				CLANG_WARN_OBJC_LITERAL_CONVERSION = YES;
				CLANG_WARN_OBJC_ROOT_CLASS = YES_ERROR;
				CLANG_WARN_QUOTED_INCLUDE_IN_FRAMEWORK_HEADER = YES;
				CLANG_WARN_RANGE_LOOP_ANALYSIS = YES;
				CLANG_WARN_STRICT_PROTOTYPES = YES;
				CLANG_WARN_SUSPICIOUS_MOVE = YES;
				CLANG_WARN_UNGUARDED_AVAILABILITY = YES_AGGRESSIVE;
				CLANG_WARN_UNREACHABLE_CODE = YES;
				CLANG_WARN__DUPLICATE_METHOD_MATCH = YES;
				COPY_PHASE_STRIP = NO;
				DEBUG_INFORMATION_FORMAT = dwarf;
				ENABLE_STRICT_OBJC_MSGSEND = YES;
				ENABLE_TESTABILITY = YES;
				ENABLE_USER_SCRIPT_SANDBOXING = YES;
				GCC_C_LANGUAGE_STANDARD = gnu17;
				GCC_DYNAMIC_NO_PIC = NO;
				GCC_NO_COMMON_BLOCKS = YES;
				GCC_OPTIMIZATION_LEVEL = 0;
				GCC_PREPROCESSOR_DEFINITIONS = (
					"DEBUG=1",
					"$(inherited)",
				);
				GCC_WARN_64_TO_32_BIT_CONVERSION = YES;
				GCC_WARN_ABOUT_RETURN_TYPE = YES_ERROR;
				GCC_WARN_UNDECLARED_SELECTOR = YES;
				GCC_WARN_UNINITIALIZED_AUTOS = YES_AGGRESSIVE;
				GCC_WARN_UNUSED_FUNCTION = YES;
				GCC_WARN_UNUSED_VARIABLE = YES;
				IPHONEOS_DEPLOYMENT_TARGET = 16.0;
				LOCALIZATION_PREFERS_STRING_CATALOGS = YES;
				MTL_ENABLE_DEBUG_INFO = INCLUDE_SOURCE;
				MTL_FAST_MATH = YES;
				ONLY_ACTIVE_ARCH = YES;
				SDKROOT = iphoneos;
				SWIFT_ACTIVE_COMPILATION_CONDITIONS = "DEBUG $(inherited)";
				SWIFT_OPTIMIZATION_LEVEL = "-Onone";
			};
			name = Debug;
		};
		7EC8BB6E2AC663790043C026 /* Release */ = {
			isa = XCBuildConfiguration;
			buildSettings = {
				ALWAYS_SEARCH_USER_PATHS = NO;
				ASSETCATALOG_COMPILER_GENERATE_SWIFT_ASSET_SYMBOL_EXTENSIONS = YES;
				CLANG_ANALYZER_NONNULL = YES;
				CLANG_ANALYZER_NUMBER_OBJECT_CONVERSION = YES_AGGRESSIVE;
				CLANG_CXX_LANGUAGE_STANDARD = "gnu++20";
				CLANG_ENABLE_MODULES = YES;
				CLANG_ENABLE_OBJC_ARC = YES;
				CLANG_ENABLE_OBJC_WEAK = YES;
				CLANG_WARN_BLOCK_CAPTURE_AUTORELEASING = YES;
				CLANG_WARN_BOOL_CONVERSION = YES;
				CLANG_WARN_COMMA = YES;
				CLANG_WARN_CONSTANT_CONVERSION = YES;
				CLANG_WARN_DEPRECATED_OBJC_IMPLEMENTATIONS = YES;
				CLANG_WARN_DIRECT_OBJC_ISA_USAGE = YES_ERROR;
				CLANG_WARN_DOCUMENTATION_COMMENTS = YES;
				CLANG_WARN_EMPTY_BODY = YES;
				CLANG_WARN_ENUM_CONVERSION = YES;
				CLANG_WARN_INFINITE_RECURSION = YES;
				CLANG_WARN_INT_CONVERSION = YES;
				CLANG_WARN_NON_LITERAL_NULL_CONVERSION = YES;
				CLANG_WARN_OBJC_IMPLICIT_RETAIN_SELF = YES;
				CLANG_WARN_OBJC_LITERAL_CONVERSION = YES;
				CLANG_WARN_OBJC_ROOT_CLASS = YES_ERROR;
				CLANG_WARN_QUOTED_INCLUDE_IN_FRAMEWORK_HEADER = YES;
				CLANG_WARN_RANGE_LOOP_ANALYSIS = YES;
				CLANG_WARN_STRICT_PROTOTYPES = YES;
				CLANG_WARN_SUSPICIOUS_MOVE = YES;
				CLANG_WARN_UNGUARDED_AVAILABILITY = YES_AGGRESSIVE;
				CLANG_WARN_UNREACHABLE_CODE = YES;
				CLANG_WARN__DUPLICATE_METHOD_MATCH = YES;
				COPY_PHASE_STRIP = NO;
				DEBUG_INFORMATION_FORMAT = "dwarf-with-dsym";
				ENABLE_NS_ASSERTIONS = NO;
				ENABLE_STRICT_OBJC_MSGSEND = YES;
				ENABLE_USER_SCRIPT_SANDBOXING = YES;
				GCC_C_LANGUAGE_STANDARD = gnu17;
				GCC_NO_COMMON_BLOCKS = YES;
				GCC_WARN_64_TO_32_BIT_CONVERSION = YES;
				GCC_WARN_ABOUT_RETURN_TYPE = YES_ERROR;
				GCC_WARN_UNDECLARED_SELECTOR = YES;
				GCC_WARN_UNINITIALIZED_AUTOS = YES_AGGRESSIVE;
				GCC_WARN_UNUSED_FUNCTION = YES;
				GCC_WARN_UNUSED_VARIABLE = YES;
				IPHONEOS_DEPLOYMENT_TARGET = 16.0;
				LOCALIZATION_PREFERS_STRING_CATALOGS = YES;
				MTL_ENABLE_DEBUG_INFO = NO;
				MTL_FAST_MATH = YES;
				SDKROOT = iphoneos;
				SWIFT_COMPILATION_MODE = wholemodule;
				VALIDATE_PRODUCT = YES;
			};
			name = Release;
		};
		7EC8BB702AC663790043C026 /* Debug */ = {
			isa = XCBuildConfiguration;
			buildSettings = {
				ASSETCATALOG_COMPILER_APPICON_NAME = AppIcon;
				ASSETCATALOG_COMPILER_GLOBAL_ACCENT_COLOR_NAME = AccentColor;
				CODE_SIGN_STYLE = Automatic;
				CURRENT_PROJECT_VERSION = 1;
				DEVELOPMENT_ASSET_PATHS = "\"FriendList/Preview Content\"";
				DEVELOPMENT_TEAM = 9798UJJCY4;
				ENABLE_PREVIEWS = YES;
				GENERATE_INFOPLIST_FILE = YES;
				INFOPLIST_KEY_NSFaceIDUsageDescription = "Use Face ID to unlock and secure your friends list";
				INFOPLIST_KEY_NSLocationAlwaysAndWhenInUseUsageDescription = "We need your location to determine your current position.";
				INFOPLIST_KEY_NSLocationWhenInUseUsageDescription = "We need your location to determine your current position.";
				INFOPLIST_KEY_NSPhotoLibraryUsageDescription = "We need access to your gallery so you can select a photo you want to import into the APP.";
				INFOPLIST_KEY_UIApplicationSceneManifest_Generation = YES;
				INFOPLIST_KEY_UIApplicationSupportsIndirectInputEvents = YES;
				INFOPLIST_KEY_UILaunchScreen_Generation = YES;
				INFOPLIST_KEY_UISupportedInterfaceOrientations_iPad = "UIInterfaceOrientationPortrait UIInterfaceOrientationPortraitUpsideDown UIInterfaceOrientationLandscapeLeft UIInterfaceOrientationLandscapeRight";
				INFOPLIST_KEY_UISupportedInterfaceOrientations_iPhone = "UIInterfaceOrientationPortrait UIInterfaceOrientationLandscapeLeft UIInterfaceOrientationLandscapeRight";
				LD_RUNPATH_SEARCH_PATHS = (
					"$(inherited)",
					"@executable_path/Frameworks",
				);
				MARKETING_VERSION = 1.0;
				PRODUCT_BUNDLE_IDENTIFIER = Isaque.FriendList;
				PRODUCT_NAME = "$(TARGET_NAME)";
				SWIFT_EMIT_LOC_STRINGS = YES;
				SWIFT_VERSION = 5.0;
				TARGETED_DEVICE_FAMILY = "1,2";
			};
			name = Debug;
		};
		7EC8BB712AC663790043C026 /* Release */ = {
			isa = XCBuildConfiguration;
			buildSettings = {
				ASSETCATALOG_COMPILER_APPICON_NAME = AppIcon;
				ASSETCATALOG_COMPILER_GLOBAL_ACCENT_COLOR_NAME = AccentColor;
				CODE_SIGN_STYLE = Automatic;
				CURRENT_PROJECT_VERSION = 1;
				DEVELOPMENT_ASSET_PATHS = "\"FriendList/Preview Content\"";
				DEVELOPMENT_TEAM = 9798UJJCY4;
				ENABLE_PREVIEWS = YES;
				GENERATE_INFOPLIST_FILE = YES;
				INFOPLIST_KEY_NSFaceIDUsageDescription = "Use Face ID to unlock and secure your friends list";
				INFOPLIST_KEY_NSLocationAlwaysAndWhenInUseUsageDescription = "We need your location to determine your current position.";
				INFOPLIST_KEY_NSLocationWhenInUseUsageDescription = "We need your location to determine your current position.";
				INFOPLIST_KEY_NSPhotoLibraryUsageDescription = "We need access to your gallery so you can select a photo you want to import into the APP.";
				INFOPLIST_KEY_UIApplicationSceneManifest_Generation = YES;
				INFOPLIST_KEY_UIApplicationSupportsIndirectInputEvents = YES;
				INFOPLIST_KEY_UILaunchScreen_Generation = YES;
				INFOPLIST_KEY_UISupportedInterfaceOrientations_iPad = "UIInterfaceOrientationPortrait UIInterfaceOrientationPortraitUpsideDown UIInterfaceOrientationLandscapeLeft UIInterfaceOrientationLandscapeRight";
				INFOPLIST_KEY_UISupportedInterfaceOrientations_iPhone = "UIInterfaceOrientationPortrait UIInterfaceOrientationLandscapeLeft UIInterfaceOrientationLandscapeRight";
				LD_RUNPATH_SEARCH_PATHS = (
					"$(inherited)",
					"@executable_path/Frameworks",
				);
				MARKETING_VERSION = 1.0;
				PRODUCT_BUNDLE_IDENTIFIER = Isaque.FriendList;
				PRODUCT_NAME = "$(TARGET_NAME)";
				SWIFT_EMIT_LOC_STRINGS = YES;
				SWIFT_VERSION = 5.0;
				TARGETED_DEVICE_FAMILY = "1,2";
			};
			name = Release;
		};
/* End XCBuildConfiguration section */

/* Begin XCConfigurationList section */
		7EC8BB5C2AC663770043C026 /* Build configuration list for PBXProject "FriendList" */ = {
			isa = XCConfigurationList;
			buildConfigurations = (
				7EC8BB6D2AC663790043C026 /* Debug */,
				7EC8BB6E2AC663790043C026 /* Release */,
			);
			defaultConfigurationIsVisible = 0;
			defaultConfigurationName = Release;
		};
		7EC8BB6F2AC663790043C026 /* Build configuration list for PBXNativeTarget "FriendList" */ = {
			isa = XCConfigurationList;
			buildConfigurations = (
				7EC8BB702AC663790043C026 /* Debug */,
				7EC8BB712AC663790043C026 /* Release */,
			);
			defaultConfigurationIsVisible = 0;
			defaultConfigurationName = Release;
		};
/* End XCConfigurationList section */

/* Begin XCVersionGroup section */
		7E9CDA732ACA551C0095BB5C /* FriendModel.xcdatamodeld */ = {
			isa = XCVersionGroup;
			children = (
				7E9CDA742ACA551C0095BB5C /* FriendModel.xcdatamodel */,
			);
			currentVersion = 7E9CDA742ACA551C0095BB5C /* FriendModel.xcdatamodel */;
			path = FriendModel.xcdatamodeld;
			sourceTree = "<group>";
			versionGroupType = wrapper.xcdatamodel;
		};
/* End XCVersionGroup section */
	};
	rootObject = 7EC8BB592AC663760043C026 /* Project object */;
}
